
Microsoft Visual Studio Solution File, Format Version 12.00
Project("{FAE04EC0-301F-11D3-BF4B-00C04F79EFBC}") = "PackerX.Frontend", "PackerX.Frontend\PackerX.Frontend.csproj", "{660472F8-DA94-405F-AC4C-272B5353A685}"
EndProject
Project("{FAE04EC0-301F-11D3-BF4B-00C04F79EFBC}") = "PackerX.Backend", "PackerX.Backend\PackerX.Backend.csproj", "{F9143E16-3F05-4B25-890E-3278E789080B}"
EndProject
Project("{FAE04EC0-301F-11D3-BF4B-00C04F79EFBC}") = "PackerX.Backend.UnitTests", "PackerX.Backend.UnitTests\PackerX.Backend.UnitTests.csproj", "{6D4A6850-DB22-4583-A105-60F09E3A6912}"
EndProject
Global
	GlobalSection(SolutionConfigurationPlatforms) = preSolution
		Debug|Any CPU = Debug|Any CPU
		Release|Any CPU = Release|Any CPU
	EndGlobalSection
	GlobalSection(ProjectConfigurationPlatforms) = postSolution
		{660472F8-DA94-405F-AC4C-272B5353A685}.Debug|Any CPU.ActiveCfg = Debug|Any CPU
		{660472F8-DA94-405F-AC4C-272B5353A685}.Debug|Any CPU.Build.0 = Debug|Any CPU
		{660472F8-DA94-405F-AC4C-272B5353A685}.Release|Any CPU.ActiveCfg = Release|Any CPU
		{660472F8-DA94-405F-AC4C-272B5353A685}.Release|Any CPU.Build.0 = Release|Any CPU
		{F9143E16-3F05-4B25-890E-3278E789080B}.Debug|Any CPU.ActiveCfg = Debug|Any CPU
		{F9143E16-3F05-4B25-890E-3278E789080B}.Debug|Any CPU.Build.0 = Debug|Any CPU
		{F9143E16-3F05-4B25-890E-3278E789080B}.Release|Any CPU.ActiveCfg = Release|Any CPU
		{F9143E16-3F05-4B25-890E-3278E789080B}.Release|Any CPU.Build.0 = Release|Any CPU
		{6D4A6850-DB22-4583-A105-60F09E3A6912}.Debug|Any CPU.ActiveCfg = Debug|Any CPU
		{6D4A6850-DB22-4583-A105-60F09E3A6912}.Debug|Any CPU.Build.0 = Debug|Any CPU
		{6D4A6850-DB22-4583-A105-60F09E3A6912}.Release|Any CPU.ActiveCfg = Release|Any CPU
		{6D4A6850-DB22-4583-A105-60F09E3A6912}.Release|Any CPU.Build.0 = Release|Any CPU
	EndGlobalSection
EndGlobal
